
Microsoft Visual Studio Solution File, Format Version 12.00
# Visual Studio Version 16
VisualStudioVersion = 16.0.29418.71
MinimumVisualStudioVersion = 10.0.40219.1
Project("{FAE04EC0-301F-11D3-BF4B-00C04F79EFBC}") = "P03_FootballBetting", "P03_FootballBetting\P03_FootballBetting.csproj", "{B2BA01E5-3AC0-42D5-AB8A-1AAC14215752}"
EndProject
Project("{FAE04EC0-301F-11D3-BF4B-00C04F79EFBC}") = "P03_FootballBetting.Data", "P03_FootballBetting.Data\P03_FootballBetting.Data.csproj", "{5B931CC1-2BC9-42C9-91BC-F82C44247CB2}"
EndProject
Project("{FAE04EC0-301F-11D3-BF4B-00C04F79EFBC}") = "P03_FootballBetting.Data.Models", "P03_FootballBetting.Data.Models\P03_FootballBetting.Data.Models.csproj", "{3118D6E9-E527-4D27-8154-7365F0ADC631}"
EndProject
Global
	GlobalSection(SolutionConfigurationPlatforms) = preSolution
		Debug|Any CPU = Debug|Any CPU
		Release|Any CPU = Release|Any CPU
	EndGlobalSection
	GlobalSection(ProjectConfigurationPlatforms) = postSolution
		{B2BA01E5-3AC0-42D5-AB8A-1AAC14215752}.Debug|Any CPU.ActiveCfg = Debug|Any CPU
		{B2BA01E5-3AC0-42D5-AB8A-1AAC14215752}.Debug|Any CPU.Build.0 = Debug|Any CPU
		{B2BA01E5-3AC0-42D5-AB8A-1AAC14215752}.Release|Any CPU.ActiveCfg = Release|Any CPU
		{B2BA01E5-3AC0-42D5-AB8A-1AAC14215752}.Release|Any CPU.Build.0 = Release|Any CPU
		{5B931CC1-2BC9-42C9-91BC-F82C44247CB2}.Debug|Any CPU.ActiveCfg = Debug|Any CPU
		{5B931CC1-2BC9-42C9-91BC-F82C44247CB2}.Debug|Any CPU.Build.0 = Debug|Any CPU
		{5B931CC1-2BC9-42C9-91BC-F82C44247CB2}.Release|Any CPU.ActiveCfg = Release|Any CPU
		{5B931CC1-2BC9-42C9-91BC-F82C44247CB2}.Release|Any CPU.Build.0 = Release|Any CPU
		{3118D6E9-E527-4D27-8154-7365F0ADC631}.Debug|Any CPU.ActiveCfg = Debug|Any CPU
		{3118D6E9-E527-4D27-8154-7365F0ADC631}.Debug|Any CPU.Build.0 = Debug|Any CPU
		{3118D6E9-E527-4D27-8154-7365F0ADC631}.Release|Any CPU.ActiveCfg = Release|Any CPU
		{3118D6E9-E527-4D27-8154-7365F0ADC631}.Release|Any CPU.Build.0 = Release|Any CPU
	EndGlobalSection
	GlobalSection(SolutionProperties) = preSolution
		HideSolutionNode = FALSE
	EndGlobalSection
	GlobalSection(ExtensibilityGlobals) = postSolution
		SolutionGuid = {D3F6771E-813F-4B8A-AB66-E185B28D3598}
	EndGlobalSection
EndGlobal
